
Microsoft Visual Studio Solution File, Format Version 12.00
# Visual Studio Version 17
VisualStudioVersion = 17.11.35219.272
MinimumVisualStudioVersion = 10.0.40219.1
Project("{9A19103F-16F7-4668-BE54-9A1E7A4F7556}") = "FantasyRPG", "FantasyRPG\FantasyRPG.csproj", "{4949EA37-D976-4E96-A106-D6D7331378D8}"
EndProject
Project("{9A19103F-16F7-4668-BE54-9A1E7A4F7556}") = "FantasyRPGUnitTesting", "FantasyRPGUnitTesting\FantasyRPGUnitTesting.csproj", "{235EDE41-BBC4-44DC-95A9-8CAA7409C18F}"
EndProject
Project("{9A19103F-16F7-4668-BE54-9A1E7A4F7556}") = "FantasyRPGIntegrationTesting", "FantasyRPGIntegrationTesting\FantasyRPGIntegrationTesting.csproj", "{10C20BB7-883E-43D9-AA93-D9878BC8B7AF}"
EndProject
Project("{FAE04EC0-301F-11D3-BF4B-00C04F79EFBC}") = "FantasyRPGConsole", "RPGConsole\FantasyRPGConsole.csproj", "{40649B12-0017-4491-9B91-9EF16463D180}"
EndProject
Global
	GlobalSection(SolutionConfigurationPlatforms) = preSolution
		Debug|Any CPU = Debug|Any CPU
		Release|Any CPU = Release|Any CPU
	EndGlobalSection
	GlobalSection(ProjectConfigurationPlatforms) = postSolution
		{4949EA37-D976-4E96-A106-D6D7331378D8}.Debug|Any CPU.ActiveCfg = Debug|Any CPU
		{4949EA37-D976-4E96-A106-D6D7331378D8}.Debug|Any CPU.Build.0 = Debug|Any CPU
		{4949EA37-D976-4E96-A106-D6D7331378D8}.Release|Any CPU.ActiveCfg = Release|Any CPU
		{4949EA37-D976-4E96-A106-D6D7331378D8}.Release|Any CPU.Build.0 = Release|Any CPU
		{235EDE41-BBC4-44DC-95A9-8CAA7409C18F}.Debug|Any CPU.ActiveCfg = Debug|Any CPU
		{235EDE41-BBC4-44DC-95A9-8CAA7409C18F}.Debug|Any CPU.Build.0 = Debug|Any CPU
		{235EDE41-BBC4-44DC-95A9-8CAA7409C18F}.Release|Any CPU.ActiveCfg = Release|Any CPU
		{235EDE41-BBC4-44DC-95A9-8CAA7409C18F}.Release|Any CPU.Build.0 = Release|Any CPU
		{10C20BB7-883E-43D9-AA93-D9878BC8B7AF}.Debug|Any CPU.ActiveCfg = Debug|Any CPU
		{10C20BB7-883E-43D9-AA93-D9878BC8B7AF}.Debug|Any CPU.Build.0 = Debug|Any CPU
		{10C20BB7-883E-43D9-AA93-D9878BC8B7AF}.Release|Any CPU.ActiveCfg = Release|Any CPU
		{10C20BB7-883E-43D9-AA93-D9878BC8B7AF}.Release|Any CPU.Build.0 = Release|Any CPU
		{40649B12-0017-4491-9B91-9EF16463D180}.Debug|Any CPU.ActiveCfg = Debug|Any CPU
		{40649B12-0017-4491-9B91-9EF16463D180}.Debug|Any CPU.Build.0 = Debug|Any CPU
		{40649B12-0017-4491-9B91-9EF16463D180}.Release|Any CPU.ActiveCfg = Release|Any CPU
		{40649B12-0017-4491-9B91-9EF16463D180}.Release|Any CPU.Build.0 = Release|Any CPU
	EndGlobalSection
	GlobalSection(SolutionProperties) = preSolution
		HideSolutionNode = FALSE
	EndGlobalSection
	GlobalSection(ExtensibilityGlobals) = postSolution
		SolutionGuid = {9ECAC101-7A49-414A-9A84-48FAAE965726}
	EndGlobalSection
EndGlobal
